// !$*UTF8*$!
{
	archiveVersion = 1;
	classes = {
	};
	objectVersion = 48;
	objects = {

/* Begin PBXBuildFile section */
		2337D8D6203DEB64006DA81D /* AppDelegate.swift in Sources */ = {isa = PBXBuildFile; fileRef = 2337D8D5203DEB64006DA81D /* AppDelegate.swift */; };
		2337D8D8203DEB64006DA81D /* ViewController.swift in Sources */ = {isa = PBXBuildFile; fileRef = 2337D8D7203DEB64006DA81D /* ViewController.swift */; };
		2337D8DB203DEB64006DA81D /* Main.storyboard in Resources */ = {isa = PBXBuildFile; fileRef = 2337D8D9203DEB64006DA81D /* Main.storyboard */; };
		2337D8DD203DEB64006DA81D /* Assets.xcassets in Resources */ = {isa = PBXBuildFile; fileRef = 2337D8DC203DEB64006DA81D /* Assets.xcassets */; };
		2337D8E0203DEB64006DA81D /* LaunchScreen.storyboard in Resources */ = {isa = PBXBuildFile; fileRef = 2337D8DE203DEB64006DA81D /* LaunchScreen.storyboard */; };
		2337D8E8203DF582006DA81D /* CurrentWeather.swift in Sources */ = {isa = PBXBuildFile; fileRef = 2337D8E7203DF582006DA81D /* CurrentWeather.swift */; };
		2337D8EA203DF5EF006DA81D /* WeatherIcon.swift in Sources */ = {isa = PBXBuildFile; fileRef = 2337D8E9203DF5EF006DA81D /* WeatherIcon.swift */; };
		2337D8EC203DF93C006DA81D /* CurrentWeatherViewModel.swift in Sources */ = {isa = PBXBuildFile; fileRef = 2337D8EB203DF93C006DA81D /* CurrentWeatherViewModel.swift */; };
		2337D8EE203E10F4006DA81D /* JSONDownloader.swift in Sources */ = {isa = PBXBuildFile; fileRef = 2337D8ED203E10F4006DA81D /* JSONDownloader.swift */; };
		2337D8F0203E13EF006DA81D /* DarkSkyError.swift in Sources */ = {isa = PBXBuildFile; fileRef = 2337D8EF203E13EF006DA81D /* DarkSkyError.swift */; };
		2337D8F2203E1697006DA81D /* DarkSkyClient.swift in Sources */ = {isa = PBXBuildFile; fileRef = 2337D8F1203E1697006DA81D /* DarkSkyClient.swift */; };
		2337D8F4203E176F006DA81D /* Coordinate.swift in Sources */ = {isa = PBXBuildFile; fileRef = 2337D8F3203E176F006DA81D /* Coordinate.swift */; };
		23E06DBD204D9A3900AE88E1 /* LocationAddress.swift in Sources */ = {isa = PBXBuildFile; fileRef = 23E06DBC204D9A3900AE88E1 /* LocationAddress.swift */; };
		23E06DC7204F168200AE88E1 /* Localizable.strings in Resources */ = {isa = PBXBuildFile; fileRef = 23E06DC9204F168200AE88E1 /* Localizable.strings */; };
/* End PBXBuildFile section */

/* Begin PBXFileReference section */
		2337D8D2203DEB64006DA81D /* Current Weather.app */ = {isa = PBXFileReference; explicitFileType = wrapper.application; includeInIndex = 0; path = "Current Weather.app"; sourceTree = BUILT_PRODUCTS_DIR; };
		2337D8D5203DEB64006DA81D /* AppDelegate.swift */ = {isa = PBXFileReference; lastKnownFileType = sourcecode.swift; path = AppDelegate.swift; sourceTree = "<group>"; };
		2337D8D7203DEB64006DA81D /* ViewController.swift */ = {isa = PBXFileReference; lastKnownFileType = sourcecode.swift; path = ViewController.swift; sourceTree = "<group>"; };
		2337D8DA203DEB64006DA81D /* Base */ = {isa = PBXFileReference; lastKnownFileType = file.storyboard; name = Base; path = Base.lproj/Main.storyboard; sourceTree = "<group>"; };
		2337D8DC203DEB64006DA81D /* Assets.xcassets */ = {isa = PBXFileReference; lastKnownFileType = folder.assetcatalog; path = Assets.xcassets; sourceTree = "<group>"; };
		2337D8DF203DEB64006DA81D /* Base */ = {isa = PBXFileReference; lastKnownFileType = file.storyboard; name = Base; path = Base.lproj/LaunchScreen.storyboard; sourceTree = "<group>"; };
		2337D8E1203DEB64006DA81D /* Info.plist */ = {isa = PBXFileReference; lastKnownFileType = text.plist.xml; path = Info.plist; sourceTree = "<group>"; };
		2337D8E7203DF582006DA81D /* CurrentWeather.swift */ = {isa = PBXFileReference; lastKnownFileType = sourcecode.swift; path = CurrentWeather.swift; sourceTree = "<group>"; };
		2337D8E9203DF5EF006DA81D /* WeatherIcon.swift */ = {isa = PBXFileReference; lastKnownFileType = sourcecode.swift; path = WeatherIcon.swift; sourceTree = "<group>"; };
		2337D8EB203DF93C006DA81D /* CurrentWeatherViewModel.swift */ = {isa = PBXFileReference; lastKnownFileType = sourcecode.swift; path = CurrentWeatherViewModel.swift; sourceTree = "<group>"; };
		2337D8ED203E10F4006DA81D /* JSONDownloader.swift */ = {isa = PBXFileReference; lastKnownFileType = sourcecode.swift; path = JSONDownloader.swift; sourceTree = "<group>"; };
		2337D8EF203E13EF006DA81D /* DarkSkyError.swift */ = {isa = PBXFileReference; lastKnownFileType = sourcecode.swift; path = DarkSkyError.swift; sourceTree = "<group>"; };
		2337D8F1203E1697006DA81D /* DarkSkyClient.swift */ = {isa = PBXFileReference; lastKnownFileType = sourcecode.swift; path = DarkSkyClient.swift; sourceTree = "<group>"; };
		2337D8F3203E176F006DA81D /* Coordinate.swift */ = {isa = PBXFileReference; lastKnownFileType = sourcecode.swift; path = Coordinate.swift; sourceTree = "<group>"; };
		23E06DBC204D9A3900AE88E1 /* LocationAddress.swift */ = {isa = PBXFileReference; lastKnownFileType = sourcecode.swift; path = LocationAddress.swift; sourceTree = "<group>"; };
		23E06DBE204F147900AE88E1 /* es */ = {isa = PBXFileReference; lastKnownFileType = text.plist.strings; name = es; path = es.lproj/Main.strings; sourceTree = "<group>"; };
		23E06DC4204F159000AE88E1 /* en */ = {isa = PBXFileReference; lastKnownFileType = text.plist.strings; name = en; path = en.lproj/Main.strings; sourceTree = "<group>"; };
		23E06DC8204F168200AE88E1 /* en */ = {isa = PBXFileReference; lastKnownFileType = text.plist.strings; name = en; path = en.lproj/Localizable.strings; sourceTree = "<group>"; };
		23E06DCA204F168F00AE88E1 /* es */ = {isa = PBXFileReference; lastKnownFileType = text.plist.strings; name = es; path = es.lproj/Localizable.strings; sourceTree = "<group>"; };
/* End PBXFileReference section */

/* Begin PBXFrameworksBuildPhase section */
		2337D8CF203DEB64006DA81D /* Frameworks */ = {
			isa = PBXFrameworksBuildPhase;
			buildActionMask = 2147483647;
			files = (
			);
			runOnlyForDeploymentPostprocessing = 0;
		};
/* End PBXFrameworksBuildPhase section */

/* Begin PBXGroup section */
		2337D8C9203DEB64006DA81D = {
			isa = PBXGroup;
			children = (
				23E06DC9204F168200AE88E1 /* Localizable.strings */,
				2337D8D4203DEB64006DA81D /* Current Weather */,
				2337D8D3203DEB64006DA81D /* Products */,
			);
			sourceTree = "<group>";
		};
		2337D8D3203DEB64006DA81D /* Products */ = {
			isa = PBXGroup;
			children = (
				2337D8D2203DEB64006DA81D /* Current Weather.app */,
			);
			name = Products;
			sourceTree = "<group>";
		};
		2337D8D4203DEB64006DA81D /* Current Weather */ = {
			isa = PBXGroup;
			children = (
				2337D8D5203DEB64006DA81D /* AppDelegate.swift */,
				2337D8D7203DEB64006DA81D /* ViewController.swift */,
				2337D8D9203DEB64006DA81D /* Main.storyboard */,
				2337D8DC203DEB64006DA81D /* Assets.xcassets */,
				2337D8DE203DEB64006DA81D /* LaunchScreen.storyboard */,
				2337D8E1203DEB64006DA81D /* Info.plist */,
				2337D8E7203DF582006DA81D /* CurrentWeather.swift */,
				2337D8EB203DF93C006DA81D /* CurrentWeatherViewModel.swift */,
				2337D8E9203DF5EF006DA81D /* WeatherIcon.swift */,
				2337D8ED203E10F4006DA81D /* JSONDownloader.swift */,
				2337D8EF203E13EF006DA81D /* DarkSkyError.swift */,
				2337D8F1203E1697006DA81D /* DarkSkyClient.swift */,
				2337D8F3203E176F006DA81D /* Coordinate.swift */,
				23E06DBC204D9A3900AE88E1 /* LocationAddress.swift */,
			);
			path = "Current Weather";
			sourceTree = "<group>";
		};
/* End PBXGroup section */

/* Begin PBXNativeTarget section */
		2337D8D1203DEB64006DA81D /* Current Weather */ = {
			isa = PBXNativeTarget;
			buildConfigurationList = 2337D8E4203DEB64006DA81D /* Build configuration list for PBXNativeTarget "Current Weather" */;
			buildPhases = (
				2337D8CE203DEB64006DA81D /* Sources */,
				2337D8CF203DEB64006DA81D /* Frameworks */,
				2337D8D0203DEB64006DA81D /* Resources */,
			);
			buildRules = (
			);
			dependencies = (
			);
			name = "Current Weather";
			productName = "Color Weather";
			productReference = 2337D8D2203DEB64006DA81D /* Current Weather.app */;
			productType = "com.apple.product-type.application";
		};
/* End PBXNativeTarget section */

/* Begin PBXProject section */
		2337D8CA203DEB64006DA81D /* Project object */ = {
			isa = PBXProject;
			attributes = {
				LastSwiftUpdateCheck = 0920;
				LastUpgradeCheck = 0920;
				ORGANIZATIONNAME = TaniaCB;
				TargetAttributes = {
					2337D8D1203DEB64006DA81D = {
						CreatedOnToolsVersion = 9.2;
						ProvisioningStyle = Manual;
					};
				};
			};
			buildConfigurationList = 2337D8CD203DEB64006DA81D /* Build configuration list for PBXProject "Current Weather" */;
			compatibilityVersion = "Xcode 8.0";
			developmentRegion = en;
			hasScannedForEncodings = 0;
			knownRegions = (
				en,
				Base,
				es,
			);
			mainGroup = 2337D8C9203DEB64006DA81D;
			productRefGroup = 2337D8D3203DEB64006DA81D /* Products */;
			projectDirPath = "";
			projectRoot = "";
			targets = (
				2337D8D1203DEB64006DA81D /* Current Weather */,
			);
		};
/* End PBXProject section */

/* Begin PBXResourcesBuildPhase section */
		2337D8D0203DEB64006DA81D /* Resources */ = {
			isa = PBXResourcesBuildPhase;
			buildActionMask = 2147483647;
			files = (
				2337D8E0203DEB64006DA81D /* LaunchScreen.storyboard in Resources */,
				23E06DC7204F168200AE88E1 /* Localizable.strings in Resources */,
				2337D8DD203DEB64006DA81D /* Assets.xcassets in Resources */,
				2337D8DB203DEB64006DA81D /* Main.storyboard in Resources */,
			);
			runOnlyForDeploymentPostprocessing = 0;
		};
/* End PBXResourcesBuildPhase section */

/* Begin PBXSourcesBuildPhase section */
		2337D8CE203DEB64006DA81D /* Sources */ = {
			isa = PBXSourcesBuildPhase;
			buildActionMask = 2147483647;
			files = (
				2337D8F0203E13EF006DA81D /* DarkSkyError.swift in Sources */,
				23E06DBD204D9A3900AE88E1 /* LocationAddress.swift in Sources */,
				2337D8EE203E10F4006DA81D /* JSONDownloader.swift in Sources */,
				2337D8D8203DEB64006DA81D /* ViewController.swift in Sources */,
				2337D8EA203DF5EF006DA81D /* WeatherIcon.swift in Sources */,
				2337D8EC203DF93C006DA81D /* CurrentWeatherViewModel.swift in Sources */,
				2337D8F4203E176F006DA81D /* Coordinate.swift in Sources */,
				2337D8E8203DF582006DA81D /* CurrentWeather.swift in Sources */,
				2337D8F2203E1697006DA81D /* DarkSkyClient.swift in Sources */,
				2337D8D6203DEB64006DA81D /* AppDelegate.swift in Sources */,
			);
			runOnlyForDeploymentPostprocessing = 0;
		};
/* End PBXSourcesBuildPhase section */

/* Begin PBXVariantGroup section */
		2337D8D9203DEB64006DA81D /* Main.storyboard */ = {
			isa = PBXVariantGroup;
			children = (
				2337D8DA203DEB64006DA81D /* Base */,
				23E06DBE204F147900AE88E1 /* es */,
				23E06DC4204F159000AE88E1 /* en */,
			);
			name = Main.storyboard;
			sourceTree = "<group>";
		};
		2337D8DE203DEB64006DA81D /* LaunchScreen.storyboard */ = {
			isa = PBXVariantGroup;
			children = (
				2337D8DF203DEB64006DA81D /* Base */,
			);
			name = LaunchScreen.storyboard;
			sourceTree = "<group>";
		};
		23E06DC9204F168200AE88E1 /* Localizable.strings */ = {
			isa = PBXVariantGroup;
			children = (
				23E06DC8204F168200AE88E1 /* en */,
				23E06DCA204F168F00AE88E1 /* es */,
			);
			name = Localizable.strings;
			sourceTree = "<group>";
		};
/* End PBXVariantGroup section */

/* Begin XCBuildConfiguration section */
		2337D8E2203DEB64006DA81D /* Debug */ = {
			isa = XCBuildConfiguration;
			buildSettings = {
				ALWAYS_SEARCH_USER_PATHS = NO;
				CLANG_ANALYZER_LOCALIZABILITY_NONLOCALIZED = YES;
				CLANG_ANALYZER_NONNULL = YES;
				CLANG_ANALYZER_NUMBER_OBJECT_CONVERSION = YES_AGGRESSIVE;
				CLANG_CXX_LANGUAGE_STANDARD = "gnu++14";
				CLANG_CXX_LIBRARY = "libc++";
				CLANG_ENABLE_MODULES = YES;
				CLANG_ENABLE_OBJC_ARC = YES;
				CLANG_WARN_BLOCK_CAPTURE_AUTORELEASING = YES;
				CLANG_WARN_BOOL_CONVERSION = YES;
				CLANG_WARN_COMMA = YES;
				CLANG_WARN_CONSTANT_CONVERSION = YES;
				CLANG_WARN_DIRECT_OBJC_ISA_USAGE = YES_ERROR;
				CLANG_WARN_DOCUMENTATION_COMMENTS = YES;
				CLANG_WARN_EMPTY_BODY = YES;
				CLANG_WARN_ENUM_CONVERSION = YES;
				CLANG_WARN_INFINITE_RECURSION = YES;
				CLANG_WARN_INT_CONVERSION = YES;
				CLANG_WARN_NON_LITERAL_NULL_CONVERSION = YES;
				CLANG_WARN_OBJC_LITERAL_CONVERSION = YES;
				CLANG_WARN_OBJC_ROOT_CLASS = YES_ERROR;
				CLANG_WARN_RANGE_LOOP_ANALYSIS = YES;
				CLANG_WARN_STRICT_PROTOTYPES = YES;
				CLANG_WARN_SUSPICIOUS_MOVE = YES;
				CLANG_WARN_UNGUARDED_AVAILABILITY = YES_AGGRESSIVE;
				CLANG_WARN_UNREACHABLE_CODE = YES;
				CLANG_WARN__DUPLICATE_METHOD_MATCH = YES;
				CODE_SIGN_IDENTITY = "iPhone Developer";
				COPY_PHASE_STRIP = NO;
				DEBUG_INFORMATION_FORMAT = dwarf;
				ENABLE_STRICT_OBJC_MSGSEND = YES;
				ENABLE_TESTABILITY = YES;
				GCC_C_LANGUAGE_STANDARD = gnu11;
				GCC_DYNAMIC_NO_PIC = NO;
				GCC_NO_COMMON_BLOCKS = YES;
				GCC_OPTIMIZATION_LEVEL = 0;
				GCC_PREPROCESSOR_DEFINITIONS = (
					"DEBUG=1",
					"$(inherited)",
				);
				GCC_WARN_64_TO_32_BIT_CONVERSION = YES;
				GCC_WARN_ABOUT_RETURN_TYPE = YES_ERROR;
				GCC_WARN_UNDECLARED_SELECTOR = YES;
				GCC_WARN_UNINITIALIZED_AUTOS = YES_AGGRESSIVE;
				GCC_WARN_UNUSED_FUNCTION = YES;
				GCC_WARN_UNUSED_VARIABLE = YES;
				IPHONEOS_DEPLOYMENT_TARGET = 11.2;
				MTL_ENABLE_DEBUG_INFO = YES;
				ONLY_ACTIVE_ARCH = YES;
				PRODUCT_NAME = "Current Weather";
				SDKROOT = iphoneos;
				SWIFT_ACTIVE_COMPILATION_CONDITIONS = DEBUG;
				SWIFT_OPTIMIZATION_LEVEL = "-Onone";
			};
			name = Debug;
		};
		2337D8E3203DEB64006DA81D /* Release */ = {
			isa = XCBuildConfiguration;
			buildSettings = {
				ALWAYS_SEARCH_USER_PATHS = NO;
				CLANG_ANALYZER_LOCALIZABILITY_NONLOCALIZED = YES;
				CLANG_ANALYZER_NONNULL = YES;
				CLANG_ANALYZER_NUMBER_OBJECT_CONVERSION = YES_AGGRESSIVE;
				CLANG_CXX_LANGUAGE_STANDARD = "gnu++14";
				CLANG_CXX_LIBRARY = "libc++";
				CLANG_ENABLE_MODULES = YES;
				CLANG_ENABLE_OBJC_ARC = YES;
				CLANG_WARN_BLOCK_CAPTURE_AUTORELEASING = YES;
				CLANG_WARN_BOOL_CONVERSION = YES;
				CLANG_WARN_COMMA = YES;
				CLANG_WARN_CONSTANT_CONVERSION = YES;
				CLANG_WARN_DIRECT_OBJC_ISA_USAGE = YES_ERROR;
				CLANG_WARN_DOCUMENTATION_COMMENTS = YES;
				CLANG_WARN_EMPTY_BODY = YES;
				CLANG_WARN_ENUM_CONVERSION = YES;
				CLANG_WARN_INFINITE_RECURSION = YES;
				CLANG_WARN_INT_CONVERSION = YES;
				CLANG_WARN_NON_LITERAL_NULL_CONVERSION = YES;
				CLANG_WARN_OBJC_LITERAL_CONVERSION = YES;
				CLANG_WARN_OBJC_ROOT_CLASS = YES_ERROR;
				CLANG_WARN_RANGE_LOOP_ANALYSIS = YES;
				CLANG_WARN_STRICT_PROTOTYPES = YES;
				CLANG_WARN_SUSPICIOUS_MOVE = YES;
				CLANG_WARN_UNGUARDED_AVAILABILITY = YES_AGGRESSIVE;
				CLANG_WARN_UNREACHABLE_CODE = YES;
				CLANG_WARN__DUPLICATE_METHOD_MATCH = YES;
				CODE_SIGN_IDENTITY = "iPhone Developer";
				COPY_PHASE_STRIP = NO;
				DEBUG_INFORMATION_FORMAT = "dwarf-with-dsym";
				ENABLE_NS_ASSERTIONS = NO;
				ENABLE_STRICT_OBJC_MSGSEND = YES;
				GCC_C_LANGUAGE_STANDARD = gnu11;
				GCC_NO_COMMON_BLOCKS = YES;
				GCC_WARN_64_TO_32_BIT_CONVERSION = YES;
				GCC_WARN_ABOUT_RETURN_TYPE = YES_ERROR;
				GCC_WARN_UNDECLARED_SELECTOR = YES;
				GCC_WARN_UNINITIALIZED_AUTOS = YES_AGGRESSIVE;
				GCC_WARN_UNUSED_FUNCTION = YES;
				GCC_WARN_UNUSED_VARIABLE = YES;
				IPHONEOS_DEPLOYMENT_TARGET = 11.2;
				MTL_ENABLE_DEBUG_INFO = NO;
				PRODUCT_NAME = "Current Weather";
				SDKROOT = iphoneos;
				SWIFT_OPTIMIZATION_LEVEL = "-Owholemodule";
				VALIDATE_PRODUCT = YES;
			};
			name = Release;
		};
		2337D8E5203DEB64006DA81D /* Debug */ = {
			isa = XCBuildConfiguration;
			buildSettings = {
				ASSETCATALOG_COMPILER_APPICON_NAME = AppIcon;
				CODE_SIGN_STYLE = Manual;
				DEVELOPMENT_TEAM = "";
				INFOPLIST_FILE = "$(SRCROOT)/Current Weather/Info.plist";
				LD_RUNPATH_SEARCH_PATHS = "$(inherited) @executable_path/Frameworks";
				PRODUCT_BUNDLE_IDENTIFIER = com.example.CurrentWeather;
				PRODUCT_NAME = "Current Weather";
				PROVISIONING_PROFILE_SPECIFIER = "";
				SWIFT_VERSION = 4.0;
				TARGETED_DEVICE_FAMILY = "1,2";
			};
			name = Debug;
		};
		2337D8E6203DEB64006DA81D /* Release */ = {
			isa = XCBuildConfiguration;
			buildSettings = {
				ASSETCATALOG_COMPILER_APPICON_NAME = AppIcon;
				CODE_SIGN_STYLE = Manual;
				DEVELOPMENT_TEAM = "";
				INFOPLIST_FILE = "$(SRCROOT)/Current Weather/Info.plist";
				LD_RUNPATH_SEARCH_PATHS = "$(inherited) @executable_path/Frameworks";
				PRODUCT_BUNDLE_IDENTIFIER = com.example.CurrentWeather;
				PRODUCT_NAME = "Current Weather";
				PROVISIONING_PROFILE_SPECIFIER = "";
				SWIFT_VERSION = 4.0;
				TARGETED_DEVICE_FAMILY = "1,2";
			};
			name = Release;
		};
/* End XCBuildConfiguration section */

/* Begin XCConfigurationList section */
		2337D8CD203DEB64006DA81D /* Build configuration list for PBXProject "Current Weather" */ = {
			isa = XCConfigurationList;
			buildConfigurations = (
				2337D8E2203DEB64006DA81D /* Debug */,
				2337D8E3203DEB64006DA81D /* Release */,
			);
			defaultConfigurationIsVisible = 0;
			defaultConfigurationName = Release;
		};
		2337D8E4203DEB64006DA81D /* Build configuration list for PBXNativeTarget "Current Weather" */ = {
			isa = XCConfigurationList;
			buildConfigurations = (
				2337D8E5203DEB64006DA81D /* Debug */,
				2337D8E6203DEB64006DA81D /* Release */,
			);
			defaultConfigurationIsVisible = 0;
			defaultConfigurationName = Release;
		};
/* End XCConfigurationList section */
	};
	rootObject = 2337D8CA203DEB64006DA81D /* Project object */;
}
